PODS:
  - Flutter (1.0.0)
  - flutter_rotation_sensor (0.0.1):
    - Flutter
  - native_device_orientation (0.0.1):
    - Flutter

DEPENDENCIES:
  - Flutter (from `Flutter`)
  - flutter_rotation_sensor (from `.symlinks/plugins/flutter_rotation_sensor/ios`)
  - native_device_orientation (from `.symlinks/plugins/native_device_orientation/ios`)

EXTERNAL SOURCES:
  Flutter:
    :path: Flutter
  flutter_rotation_sensor:
    :path: ".symlinks/plugins/flutter_rotation_sensor/ios"
  native_device_orientation:
    :path: ".symlinks/plugins/native_device_orientation/ios"

SPEC CHECKSUMS:
  Flutter: cabc95a1d2626b1b06e7179b784ebcf0c0cde467
  flutter_rotation_sensor: bf55ead3f64f27207dacc5972fe8ebe932f3de0b
  native_device_orientation: e3580675687d5034770da198f6839ebf2122ef94

PODFILE CHECKSUM: 3c63482e143d1b91d2d2560aee9fb04ecc74ac7e

COCOAPODS: 1.16.2
